// !$*UTF8*$!
{
	archiveVersion = 1;
	classes = {
	};
	objectVersion = 50;
	objects = {

/* Begin PBXBuildFile section */
		2293371B24FE479800CC0698 /* AppDelegate.swift in Sources */ = {isa = PBXBuildFile; fileRef = 2293371A24FE479800CC0698 /* AppDelegate.swift */; };
		2293371D24FE479800CC0698 /* SceneDelegate.swift in Sources */ = {isa = PBXBuildFile; fileRef = 2293371C24FE479800CC0698 /* SceneDelegate.swift */; };
		2293371F24FE479800CC0698 /* MainVC.swift in Sources */ = {isa = PBXBuildFile; fileRef = 2293371E24FE479800CC0698 /* MainVC.swift */; };
		2293372224FE479800CC0698 /* Main.storyboard in Resources */ = {isa = PBXBuildFile; fileRef = 2293372024FE479800CC0698 /* Main.storyboard */; };
		2293372424FE479900CC0698 /* Assets.xcassets in Resources */ = {isa = PBXBuildFile; fileRef = 2293372324FE479900CC0698 /* Assets.xcassets */; };
		2293372724FE479900CC0698 /* LaunchScreen.storyboard in Resources */ = {isa = PBXBuildFile; fileRef = 2293372524FE479900CC0698 /* LaunchScreen.storyboard */; };
		2293372F24FE47F800CC0698 /* Question.swift in Sources */ = {isa = PBXBuildFile; fileRef = 2293372E24FE47F800CC0698 /* Question.swift */; };
		2293373224FE48BE00CC0698 /* QuizModel.swift in Sources */ = {isa = PBXBuildFile; fileRef = 2293373124FE48BE00CC0698 /* QuizModel.swift */; };
		2293373824FE596400CC0698 /* QuestionData.json in Resources */ = {isa = PBXBuildFile; fileRef = 2293373724FE596400CC0698 /* QuestionData.json */; };
		2293373D24FFB1E300CC0698 /* ResultVC.swift in Sources */ = {isa = PBXBuildFile; fileRef = 2293373C24FFB1E300CC0698 /* ResultVC.swift */; };
		2293374324FFE0E800CC0698 /* Protocols.swift in Sources */ = {isa = PBXBuildFile; fileRef = 2293374224FFE0E800CC0698 /* Protocols.swift */; };
		22B200D825011A6900617AD9 /* StateManager.swift in Sources */ = {isa = PBXBuildFile; fileRef = 22B200D725011A6900617AD9 /* StateManager.swift */; };
/* End PBXBuildFile section */

/* Begin PBXFileReference section */
		2293371724FE479800CC0698 /* QuizzApp.app */ = {isa = PBXFileReference; explicitFileType = wrapper.application; includeInIndex = 0; path = QuizzApp.app; sourceTree = BUILT_PRODUCTS_DIR; };
		2293371A24FE479800CC0698 /* AppDelegate.swift */ = {isa = PBXFileReference; lastKnownFileType = sourcecode.swift; path = AppDelegate.swift; sourceTree = "<group>"; };
		2293371C24FE479800CC0698 /* SceneDelegate.swift */ = {isa = PBXFileReference; lastKnownFileType = sourcecode.swift; path = SceneDelegate.swift; sourceTree = "<group>"; };
		2293371E24FE479800CC0698 /* MainVC.swift */ = {isa = PBXFileReference; lastKnownFileType = sourcecode.swift; path = MainVC.swift; sourceTree = "<group>"; };
		2293372124FE479800CC0698 /* Base */ = {isa = PBXFileReference; lastKnownFileType = file.storyboard; name = Base; path = Base.lproj/Main.storyboard; sourceTree = "<group>"; };
		2293372324FE479900CC0698 /* Assets.xcassets */ = {isa = PBXFileReference; lastKnownFileType = folder.assetcatalog; path = Assets.xcassets; sourceTree = "<group>"; };
		2293372624FE479900CC0698 /* Base */ = {isa = PBXFileReference; lastKnownFileType = file.storyboard; name = Base; path = Base.lproj/LaunchScreen.storyboard; sourceTree = "<group>"; };
		2293372824FE479900CC0698 /* Info.plist */ = {isa = PBXFileReference; lastKnownFileType = text.plist.xml; path = Info.plist; sourceTree = "<group>"; };
		2293372E24FE47F800CC0698 /* Question.swift */ = {isa = PBXFileReference; lastKnownFileType = sourcecode.swift; path = Question.swift; sourceTree = "<group>"; };
		2293373124FE48BE00CC0698 /* QuizModel.swift */ = {isa = PBXFileReference; lastKnownFileType = sourcecode.swift; path = QuizModel.swift; sourceTree = "<group>"; };
		2293373724FE596400CC0698 /* QuestionData.json */ = {isa = PBXFileReference; fileEncoding = 4; lastKnownFileType = text.json; path = QuestionData.json; sourceTree = "<group>"; };
		2293373C24FFB1E300CC0698 /* ResultVC.swift */ = {isa = PBXFileReference; lastKnownFileType = sourcecode.swift; path = ResultVC.swift; sourceTree = "<group>"; };
		2293374224FFE0E800CC0698 /* Protocols.swift */ = {isa = PBXFileReference; lastKnownFileType = sourcecode.swift; path = Protocols.swift; sourceTree = "<group>"; };
		22B200D725011A6900617AD9 /* StateManager.swift */ = {isa = PBXFileReference; lastKnownFileType = sourcecode.swift; path = StateManager.swift; sourceTree = "<group>"; };
/* End PBXFileReference section */

/* Begin PBXFrameworksBuildPhase section */
		2293371424FE479800CC0698 /* Frameworks */ = {
			isa = PBXFrameworksBuildPhase;
			buildActionMask = 2147483647;
			files = (
			);
			runOnlyForDeploymentPostprocessing = 0;
		};
/* End PBXFrameworksBuildPhase section */

/* Begin PBXGroup section */
		2293370E24FE479800CC0698 = {
			isa = PBXGroup;
			children = (
				2293371924FE479800CC0698 /* QuizzApp */,
				2293371824FE479800CC0698 /* Products */,
			);
			sourceTree = "<group>";
		};
		2293371824FE479800CC0698 /* Products */ = {
			isa = PBXGroup;
			children = (
				2293371724FE479800CC0698 /* QuizzApp.app */,
			);
			name = Products;
			sourceTree = "<group>";
		};
		2293371924FE479800CC0698 /* QuizzApp */ = {
			isa = PBXGroup;
			children = (
				2293374024FFB29100CC0698 /* Data */,
				2293373024FE489A00CC0698 /* Models */,
				2293374124FFE0CA00CC0698 /* Protocols */,
				2293373F24FFB21800CC0698 /* Controllers */,
				2293372024FE479800CC0698 /* Main.storyboard */,
				2293373E24FFB20700CC0698 /* Supporting Files */,
				2293372824FE479900CC0698 /* Info.plist */,
			);
			path = QuizzApp;
			sourceTree = "<group>";
		};
		2293373024FE489A00CC0698 /* Models */ = {
			isa = PBXGroup;
			children = (
				2293372E24FE47F800CC0698 /* Question.swift */,
				2293373124FE48BE00CC0698 /* QuizModel.swift */,
				22B200D725011A6900617AD9 /* StateManager.swift */,
			);
			path = Models;
			sourceTree = "<group>";
		};
		2293373E24FFB20700CC0698 /* Supporting Files */ = {
			isa = PBXGroup;
			children = (
				2293371A24FE479800CC0698 /* AppDelegate.swift */,
				2293371C24FE479800CC0698 /* SceneDelegate.swift */,
				2293372324FE479900CC0698 /* Assets.xcassets */,
				2293372524FE479900CC0698 /* LaunchScreen.storyboard */,
			);
			path = "Supporting Files";
			sourceTree = "<group>";
		};
		2293373F24FFB21800CC0698 /* Controllers */ = {
			isa = PBXGroup;
			children = (
				2293371E24FE479800CC0698 /* MainVC.swift */,
				2293373C24FFB1E300CC0698 /* ResultVC.swift */,
			);
			path = Controllers;
			sourceTree = "<group>";
		};
		2293374024FFB29100CC0698 /* Data */ = {
			isa = PBXGroup;
			children = (
				2293373724FE596400CC0698 /* QuestionData.json */,
			);
			path = Data;
			sourceTree = "<group>";
		};
		2293374124FFE0CA00CC0698 /* Protocols */ = {
			isa = PBXGroup;
			children = (
				2293374224FFE0E800CC0698 /* Protocols.swift */,
			);
			path = Protocols;
			sourceTree = "<group>";
		};
/* End PBXGroup section */

/* Begin PBXNativeTarget section */
		2293371624FE479800CC0698 /* QuizzApp */ = {
			isa = PBXNativeTarget;
			buildConfigurationList = 2293372B24FE479900CC0698 /* Build configuration list for PBXNativeTarget "QuizzApp" */;
			buildPhases = (
				2293371324FE479800CC0698 /* Sources */,
				2293371424FE479800CC0698 /* Frameworks */,
				2293371524FE479800CC0698 /* Resources */,
			);
			buildRules = (
			);
			dependencies = (
			);
			name = QuizzApp;
			productName = QuizzApp;
			productReference = 2293371724FE479800CC0698 /* QuizzApp.app */;
			productType = "com.apple.product-type.application";
		};
/* End PBXNativeTarget section */

/* Begin PBXProject section */
		2293370F24FE479800CC0698 /* Project object */ = {
			isa = PBXProject;
			attributes = {
				LastSwiftUpdateCheck = 1160;
				LastUpgradeCheck = 1160;
				ORGANIZATIONNAME = "Ara Apoyan";
				TargetAttributes = {
					2293371624FE479800CC0698 = {
						CreatedOnToolsVersion = 11.6;
					};
				};
			};
			buildConfigurationList = 2293371224FE479800CC0698 /* Build configuration list for PBXProject "QuizzApp" */;
			compatibilityVersion = "Xcode 9.3";
			developmentRegion = en;
			hasScannedForEncodings = 0;
			knownRegions = (
				en,
				Base,
			);
			mainGroup = 2293370E24FE479800CC0698;
			productRefGroup = 2293371824FE479800CC0698 /* Products */;
			projectDirPath = "";
			projectRoot = "";
			targets = (
				2293371624FE479800CC0698 /* QuizzApp */,
			);
		};
/* End PBXProject section */

/* Begin PBXResourcesBuildPhase section */
		2293371524FE479800CC0698 /* Resources */ = {
			isa = PBXResourcesBuildPhase;
			buildActionMask = 2147483647;
			files = (
				2293372724FE479900CC0698 /* LaunchScreen.storyboard in Resources */,
				2293372424FE479900CC0698 /* Assets.xcassets in Resources */,
				2293372224FE479800CC0698 /* Main.storyboard in Resources */,
				2293373824FE596400CC0698 /* QuestionData.json in Resources */,
			);
			runOnlyForDeploymentPostprocessing = 0;
		};
/* End PBXResourcesBuildPhase section */

/* Begin PBXSourcesBuildPhase section */
		2293371324FE479800CC0698 /* Sources */ = {
			isa = PBXSourcesBuildPhase;
			buildActionMask = 2147483647;
			files = (
				2293371F24FE479800CC0698 /* MainVC.swift in Sources */,
				22B200D825011A6900617AD9 /* StateManager.swift in Sources */,
				2293373D24FFB1E300CC0698 /* ResultVC.swift in Sources */,
				2293374324FFE0E800CC0698 /* Protocols.swift in Sources */,
				2293372F24FE47F800CC0698 /* Question.swift in Sources */,
				2293371B24FE479800CC0698 /* AppDelegate.swift in Sources */,
				2293371D24FE479800CC0698 /* SceneDelegate.swift in Sources */,
				2293373224FE48BE00CC0698 /* QuizModel.swift in Sources */,
			);
			runOnlyForDeploymentPostprocessing = 0;
		};
/* End PBXSourcesBuildPhase section */

/* Begin PBXVariantGroup section */
		2293372024FE479800CC0698 /* Main.storyboard */ = {
			isa = PBXVariantGroup;
			children = (
				2293372124FE479800CC0698 /* Base */,
			);
			name = Main.storyboard;
			sourceTree = "<group>";
		};
		2293372524FE479900CC0698 /* LaunchScreen.storyboard */ = {
			isa = PBXVariantGroup;
			children = (
				2293372624FE479900CC0698 /* Base */,
			);
			name = LaunchScreen.storyboard;
			sourceTree = "<group>";
		};
/* End PBXVariantGroup section */

/* Begin XCBuildConfiguration section */
		2293372924FE479900CC0698 /* Debug */ = {
			isa = XCBuildConfiguration;
			buildSettings = {
				ALWAYS_SEARCH_USER_PATHS = NO;
				CLANG_ANALYZER_NONNULL = YES;
				CLANG_ANALYZER_NUMBER_OBJECT_CONVERSION = YES_AGGRESSIVE;
				CLANG_CXX_LANGUAGE_STANDARD = "gnu++14";
				CLANG_CXX_LIBRARY = "libc++";
				CLANG_ENABLE_MODULES = YES;
				CLANG_ENABLE_OBJC_ARC = YES;
				CLANG_ENABLE_OBJC_WEAK = YES;
				CLANG_WARN_BLOCK_CAPTURE_AUTORELEASING = YES;
				CLANG_WARN_BOOL_CONVERSION = YES;
				CLANG_WARN_COMMA = YES;
				CLANG_WARN_CONSTANT_CONVERSION = YES;
				CLANG_WARN_DEPRECATED_OBJC_IMPLEMENTATIONS = YES;
				CLANG_WARN_DIRECT_OBJC_ISA_USAGE = YES_ERROR;
				CLANG_WARN_DOCUMENTATION_COMMENTS = YES;
				CLANG_WARN_EMPTY_BODY = YES;
				CLANG_WARN_ENUM_CONVERSION = YES;
				CLANG_WARN_INFINITE_RECURSION = YES;
				CLANG_WARN_INT_CONVERSION = YES;
				CLANG_WARN_NON_LITERAL_NULL_CONVERSION = YES;
				CLANG_WARN_OBJC_IMPLICIT_RETAIN_SELF = YES;
				CLANG_WARN_OBJC_LITERAL_CONVERSION = YES;
				CLANG_WARN_OBJC_ROOT_CLASS = YES_ERROR;
				CLANG_WARN_RANGE_LOOP_ANALYSIS = YES;
				CLANG_WARN_STRICT_PROTOTYPES = YES;
				CLANG_WARN_SUSPICIOUS_MOVE = YES;
				CLANG_WARN_UNGUARDED_AVAILABILITY = YES_AGGRESSIVE;
				CLANG_WARN_UNREACHABLE_CODE = YES;
				CLANG_WARN__DUPLICATE_METHOD_MATCH = YES;
				COPY_PHASE_STRIP = NO;
				DEBUG_INFORMATION_FORMAT = dwarf;
				ENABLE_STRICT_OBJC_MSGSEND = YES;
				ENABLE_TESTABILITY = YES;
				GCC_C_LANGUAGE_STANDARD = gnu11;
				GCC_DYNAMIC_NO_PIC = NO;
				GCC_NO_COMMON_BLOCKS = YES;
				GCC_OPTIMIZATION_LEVEL = 0;
				GCC_PREPROCESSOR_DEFINITIONS = (
					"DEBUG=1",
					"$(inherited)",
				);
				GCC_WARN_64_TO_32_BIT_CONVERSION = YES;
				GCC_WARN_ABOUT_RETURN_TYPE = YES_ERROR;
				GCC_WARN_UNDECLARED_SELECTOR = YES;
				GCC_WARN_UNINITIALIZED_AUTOS = YES_AGGRESSIVE;
				GCC_WARN_UNUSED_FUNCTION = YES;
				GCC_WARN_UNUSED_VARIABLE = YES;
				IPHONEOS_DEPLOYMENT_TARGET = 13.6;
				MTL_ENABLE_DEBUG_INFO = INCLUDE_SOURCE;
				MTL_FAST_MATH = YES;
				ONLY_ACTIVE_ARCH = YES;
				SDKROOT = iphoneos;
				SWIFT_ACTIVE_COMPILATION_CONDITIONS = DEBUG;
				SWIFT_OPTIMIZATION_LEVEL = "-Onone";
			};
			name = Debug;
		};
		2293372A24FE479900CC0698 /* Release */ = {
			isa = XCBuildConfiguration;
			buildSettings = {
				ALWAYS_SEARCH_USER_PATHS = NO;
				CLANG_ANALYZER_NONNULL = YES;
				CLANG_ANALYZER_NUMBER_OBJECT_CONVERSION = YES_AGGRESSIVE;
				CLANG_CXX_LANGUAGE_STANDARD = "gnu++14";
				CLANG_CXX_LIBRARY = "libc++";
				CLANG_ENABLE_MODULES = YES;
				CLANG_ENABLE_OBJC_ARC = YES;
				CLANG_ENABLE_OBJC_WEAK = YES;
				CLANG_WARN_BLOCK_CAPTURE_AUTORELEASING = YES;
				CLANG_WARN_BOOL_CONVERSION = YES;
				CLANG_WARN_COMMA = YES;
				CLANG_WARN_CONSTANT_CONVERSION = YES;
				CLANG_WARN_DEPRECATED_OBJC_IMPLEMENTATIONS = YES;
				CLANG_WARN_DIRECT_OBJC_ISA_USAGE = YES_ERROR;
				CLANG_WARN_DOCUMENTATION_COMMENTS = YES;
				CLANG_WARN_EMPTY_BODY = YES;
				CLANG_WARN_ENUM_CONVERSION = YES;
				CLANG_WARN_INFINITE_RECURSION = YES;
				CLANG_WARN_INT_CONVERSION = YES;
				CLANG_WARN_NON_LITERAL_NULL_CONVERSION = YES;
				CLANG_WARN_OBJC_IMPLICIT_RETAIN_SELF = YES;
				CLANG_WARN_OBJC_LITERAL_CONVERSION = YES;
				CLANG_WARN_OBJC_ROOT_CLASS = YES_ERROR;
				CLANG_WARN_RANGE_LOOP_ANALYSIS = YES;
				CLANG_WARN_STRICT_PROTOTYPES = YES;
				CLANG_WARN_SUSPICIOUS_MOVE = YES;
				CLANG_WARN_UNGUARDED_AVAILABILITY = YES_AGGRESSIVE;
				CLANG_WARN_UNREACHABLE_CODE = YES;
				CLANG_WARN__DUPLICATE_METHOD_MATCH = YES;
				COPY_PHASE_STRIP = NO;
				DEBUG_INFORMATION_FORMAT = "dwarf-with-dsym";
				ENABLE_NS_ASSERTIONS = NO;
				ENABLE_STRICT_OBJC_MSGSEND = YES;
				GCC_C_LANGUAGE_STANDARD = gnu11;
				GCC_NO_COMMON_BLOCKS = YES;
				GCC_WARN_64_TO_32_BIT_CONVERSION = YES;
				GCC_WARN_ABOUT_RETURN_TYPE = YES_ERROR;
				GCC_WARN_UNDECLARED_SELECTOR = YES;
				GCC_WARN_UNINITIALIZED_AUTOS = YES_AGGRESSIVE;
				GCC_WARN_UNUSED_FUNCTION = YES;
				GCC_WARN_UNUSED_VARIABLE = YES;
				IPHONEOS_DEPLOYMENT_TARGET = 13.6;
				MTL_ENABLE_DEBUG_INFO = NO;
				MTL_FAST_MATH = YES;
				SDKROOT = iphoneos;
				SWIFT_COMPILATION_MODE = wholemodule;
				SWIFT_OPTIMIZATION_LEVEL = "-O";
				VALIDATE_PRODUCT = YES;
			};
			name = Release;
		};
		2293372C24FE479900CC0698 /* Debug */ = {
			isa = XCBuildConfiguration;
			buildSettings = {
				ASSETCATALOG_COMPILER_APPICON_NAME = AppIcon;
				CODE_SIGN_STYLE = Automatic;
				DEVELOPMENT_TEAM = QY5B994G84;
				INFOPLIST_FILE = QuizzApp/Info.plist;
				LD_RUNPATH_SEARCH_PATHS = (
					"$(inherited)",
					"@executable_path/Frameworks",
				);
				PRODUCT_BUNDLE_IDENTIFIER = com.QuizzApp;
				PRODUCT_NAME = "$(TARGET_NAME)";
				SWIFT_VERSION = 5.0;
				TARGETED_DEVICE_FAMILY = "1,2";
			};
			name = Debug;
		};
		2293372D24FE479900CC0698 /* Release */ = {
			isa = XCBuildConfiguration;
			buildSettings = {
				ASSETCATALOG_COMPILER_APPICON_NAME = AppIcon;
				CODE_SIGN_STYLE = Automatic;
				DEVELOPMENT_TEAM = QY5B994G84;
				INFOPLIST_FILE = QuizzApp/Info.plist;
				LD_RUNPATH_SEARCH_PATHS = (
					"$(inherited)",
					"@executable_path/Frameworks",
				);
				PRODUCT_BUNDLE_IDENTIFIER = com.QuizzApp;
				PRODUCT_NAME = "$(TARGET_NAME)";
				SWIFT_VERSION = 5.0;
				TARGETED_DEVICE_FAMILY = "1,2";
			};
			name = Release;
		};
/* End XCBuildConfiguration section */

/* Begin XCConfigurationList section */
		2293371224FE479800CC0698 /* Build configuration list for PBXProject "QuizzApp" */ = {
			isa = XCConfigurationList;
			buildConfigurations = (
				2293372924FE479900CC0698 /* Debug */,
				2293372A24FE479900CC0698 /* Release */,
			);
			defaultConfigurationIsVisible = 0;
			defaultConfigurationName = Release;
		};
		2293372B24FE479900CC0698 /* Build configuration list for PBXNativeTarget "QuizzApp" */ = {
			isa = XCConfigurationList;
			buildConfigurations = (
				2293372C24FE479900CC0698 /* Debug */,
				2293372D24FE479900CC0698 /* Release */,
			);
			defaultConfigurationIsVisible = 0;
			defaultConfigurationName = Release;
		};
/* End XCConfigurationList section */
	};
	rootObject = 2293370F24FE479800CC0698 /* Project object */;
}
